
Microsoft Visual Studio Solution File, Format Version 12.00
# Visual Studio Version 17
VisualStudioVersion = 17.1.32210.238
MinimumVisualStudioVersion = 10.0.40219.1
Project("{9A19103F-16F7-4668-BE54-9A1E7A4F7556}") = "LightMixer", "LightMixer\LightMixer.csproj", "{68C9AFB7-4D80-4B0E-8A2C-1151A3698B27}"
EndProject
Project("{2150E333-8FDC-42A3-9474-1A3956D46DE8}") = "App", "App", "{39456563-C898-4929-ABC8-65CA968F5DEE}"
EndProject
Project("{FAE04EC0-301F-11D3-BF4B-00C04F79EFBC}") = "LightMixerTests", "LightMixerTests\LightMixerTests.csproj", "{5AAD217F-B007-4224-8B35-374728AE2DCB}"
EndProject
Project("{9A19103F-16F7-4668-BE54-9A1E7A4F7556}") = "LightMixerBlazor", "LightMixerBlazor\LightMixerBlazor.csproj", "{0DF1EE79-740F-499D-AC3C-97A146A751E0}"
EndProject
Project("{2150E333-8FDC-42A3-9474-1A3956D46DE8}") = "API", "API", "{AA1AE595-3AFD-40B4-A0EF-AF5AAED55A35}"
EndProject
Project("{2150E333-8FDC-42A3-9474-1A3956D46DE8}") = "TEST", "TEST", "{7DEB3D6E-0147-4A4E-9F64-BCFB040A1752}"
EndProject
Project("{9A19103F-16F7-4668-BE54-9A1E7A4F7556}") = "BlazorSignalRApp.Server", "Server\BlazorSignalRApp.Server.csproj", "{2C8C0D9C-BD95-4951-BBDB-9FA59FED864B}"
EndProject
Project("{2150E333-8FDC-42A3-9474-1A3956D46DE8}") = "Web", "Web", "{0943C0A0-5012-47F8-A7D4-BDFACA838209}"
EndProject
Project("{9A19103F-16F7-4668-BE54-9A1E7A4F7556}") = "LightMixerAPI", "LightMixerAPI\LightMixerAPI.csproj", "{76A95EF7-C343-413F-A2F6-7A3E987FACA9}"
EndProject
Project("{9A19103F-16F7-4668-BE54-9A1E7A4F7556}") = "LightMixerStandard", "LightMixerStandard\LightMixerStandard.csproj", "{674206D6-6E20-49A9-B80A-00C1BA92966E}"
EndProject
Project("{9A19103F-16F7-4668-BE54-9A1E7A4F7556}") = "LightMixerAngular", "LightMixerAngular\LightMixerAngular.csproj", "{C8E8D8F4-CCDF-40FF-9B53-0323E4BEC60B}"
EndProject
Project("{8BC9CEB8-8B4A-11D0-8D11-00A0C91BC942}") = "SolairXLight", "SolairXVirtualDJPluggin\VirtualDJPlugin.vcxproj", "{03B9F361-8E01-4347-8E5E-247C98FEB637}"
EndProject
Project("{888888A0-9F3D-457C-B088-3A5042F75D52}") = "MLBeatAnalyser", "MLBeatAnalyser\MLBeatAnalyser.pyproj", "{397461B5-B2D8-43B8-B2E7-B7A1660D4303}"
EndProject
Global
	GlobalSection(SolutionConfigurationPlatforms) = preSolution
		Debug|Any CPU = Debug|Any CPU
		Debug|ARM = Debug|ARM
		Debug|Mixed Platforms = Debug|Mixed Platforms
		Debug|x64 = Debug|x64
		Debug|x86 = Debug|x86
		Release|Any CPU = Release|Any CPU
		Release|ARM = Release|ARM
		Release|Mixed Platforms = Release|Mixed Platforms
		Release|x64 = Release|x64
		Release|x86 = Release|x86
	EndGlobalSection
	GlobalSection(ProjectConfigurationPlatforms) = postSolution
		{68C9AFB7-4D80-4B0E-8A2C-1151A3698B27}.Debug|Any CPU.ActiveCfg = Debug|x86
		{68C9AFB7-4D80-4B0E-8A2C-1151A3698B27}.Debug|Any CPU.Build.0 = Debug|x86
		{68C9AFB7-4D80-4B0E-8A2C-1151A3698B27}.Debug|ARM.ActiveCfg = Debug|x86
		{68C9AFB7-4D80-4B0E-8A2C-1151A3698B27}.Debug|Mixed Platforms.ActiveCfg = Debug|Any CPU
		{68C9AFB7-4D80-4B0E-8A2C-1151A3698B27}.Debug|Mixed Platforms.Build.0 = Debug|Any CPU
		{68C9AFB7-4D80-4B0E-8A2C-1151A3698B27}.Debug|x64.ActiveCfg = Debug|Any CPU
		{68C9AFB7-4D80-4B0E-8A2C-1151A3698B27}.Debug|x64.Build.0 = Debug|Any CPU
		{68C9AFB7-4D80-4B0E-8A2C-1151A3698B27}.Debug|x86.ActiveCfg = Debug|x86
		{68C9AFB7-4D80-4B0E-8A2C-1151A3698B27}.Debug|x86.Build.0 = Debug|x86
		{68C9AFB7-4D80-4B0E-8A2C-1151A3698B27}.Release|Any CPU.ActiveCfg = Release|x86
		{68C9AFB7-4D80-4B0E-8A2C-1151A3698B27}.Release|ARM.ActiveCfg = Release|x86
		{68C9AFB7-4D80-4B0E-8A2C-1151A3698B27}.Release|Mixed Platforms.ActiveCfg = Release|x86
		{68C9AFB7-4D80-4B0E-8A2C-1151A3698B27}.Release|Mixed Platforms.Build.0 = Release|x86
		{68C9AFB7-4D80-4B0E-8A2C-1151A3698B27}.Release|x64.ActiveCfg = Release|x86
		{68C9AFB7-4D80-4B0E-8A2C-1151A3698B27}.Release|x86.ActiveCfg = Release|x86
		{68C9AFB7-4D80-4B0E-8A2C-1151A3698B27}.Release|x86.Build.0 = Release|x86
		{5AAD217F-B007-4224-8B35-374728AE2DCB}.Debug|Any CPU.ActiveCfg = Debug|Any CPU
		{5AAD217F-B007-4224-8B35-374728AE2DCB}.Debug|Any CPU.Build.0 = Debug|Any CPU
		{5AAD217F-B007-4224-8B35-374728AE2DCB}.Debug|ARM.ActiveCfg = Debug|Any CPU
		{5AAD217F-B007-4224-8B35-374728AE2DCB}.Debug|ARM.Build.0 = Debug|Any CPU
		{5AAD217F-B007-4224-8B35-374728AE2DCB}.Debug|Mixed Platforms.ActiveCfg = Debug|Any CPU
		{5AAD217F-B007-4224-8B35-374728AE2DCB}.Debug|Mixed Platforms.Build.0 = Debug|Any CPU
		{5AAD217F-B007-4224-8B35-374728AE2DCB}.Debug|x64.ActiveCfg = Debug|Any CPU
		{5AAD217F-B007-4224-8B35-374728AE2DCB}.Debug|x64.Build.0 = Debug|Any CPU
		{5AAD217F-B007-4224-8B35-374728AE2DCB}.Debug|x86.ActiveCfg = Debug|Any CPU
		{5AAD217F-B007-4224-8B35-374728AE2DCB}.Debug|x86.Build.0 = Debug|Any CPU
		{5AAD217F-B007-4224-8B35-374728AE2DCB}.Release|Any CPU.ActiveCfg = Release|Any CPU
		{5AAD217F-B007-4224-8B35-374728AE2DCB}.Release|Any CPU.Build.0 = Release|Any CPU
		{5AAD217F-B007-4224-8B35-374728AE2DCB}.Release|ARM.ActiveCfg = Release|Any CPU
		{5AAD217F-B007-4224-8B35-374728AE2DCB}.Release|ARM.Build.0 = Release|Any CPU
		{5AAD217F-B007-4224-8B35-374728AE2DCB}.Release|Mixed Platforms.ActiveCfg = Release|Any CPU
		{5AAD217F-B007-4224-8B35-374728AE2DCB}.Release|Mixed Platforms.Build.0 = Release|Any CPU
		{5AAD217F-B007-4224-8B35-374728AE2DCB}.Release|x64.ActiveCfg = Release|Any CPU
		{5AAD217F-B007-4224-8B35-374728AE2DCB}.Release|x64.Build.0 = Release|Any CPU
		{5AAD217F-B007-4224-8B35-374728AE2DCB}.Release|x86.ActiveCfg = Release|Any CPU
		{5AAD217F-B007-4224-8B35-374728AE2DCB}.Release|x86.Build.0 = Release|Any CPU
		{0DF1EE79-740F-499D-AC3C-97A146A751E0}.Debug|Any CPU.ActiveCfg = Debug|Any CPU
		{0DF1EE79-740F-499D-AC3C-97A146A751E0}.Debug|Any CPU.Build.0 = Debug|Any CPU
		{0DF1EE79-740F-499D-AC3C-97A146A751E0}.Debug|ARM.ActiveCfg = Debug|Any CPU
		{0DF1EE79-740F-499D-AC3C-97A146A751E0}.Debug|ARM.Build.0 = Debug|Any CPU
		{0DF1EE79-740F-499D-AC3C-97A146A751E0}.Debug|Mixed Platforms.ActiveCfg = Debug|Any CPU
		{0DF1EE79-740F-499D-AC3C-97A146A751E0}.Debug|Mixed Platforms.Build.0 = Debug|Any CPU
		{0DF1EE79-740F-499D-AC3C-97A146A751E0}.Debug|x64.ActiveCfg = Debug|Any CPU
		{0DF1EE79-740F-499D-AC3C-97A146A751E0}.Debug|x64.Build.0 = Debug|Any CPU
		{0DF1EE79-740F-499D-AC3C-97A146A751E0}.Debug|x86.ActiveCfg = Debug|Any CPU
		{0DF1EE79-740F-499D-AC3C-97A146A751E0}.Debug|x86.Build.0 = Debug|Any CPU
		{0DF1EE79-740F-499D-AC3C-97A146A751E0}.Release|Any CPU.ActiveCfg = Release|Any CPU
		{0DF1EE79-740F-499D-AC3C-97A146A751E0}.Release|Any CPU.Build.0 = Release|Any CPU
		{0DF1EE79-740F-499D-AC3C-97A146A751E0}.Release|ARM.ActiveCfg = Release|Any CPU
		{0DF1EE79-740F-499D-AC3C-97A146A751E0}.Release|ARM.Build.0 = Release|Any CPU
		{0DF1EE79-740F-499D-AC3C-97A146A751E0}.Release|Mixed Platforms.ActiveCfg = Release|Any CPU
		{0DF1EE79-740F-499D-AC3C-97A146A751E0}.Release|Mixed Platforms.Build.0 = Release|Any CPU
		{0DF1EE79-740F-499D-AC3C-97A146A751E0}.Release|x64.ActiveCfg = Release|Any CPU
		{0DF1EE79-740F-499D-AC3C-97A146A751E0}.Release|x64.Build.0 = Release|Any CPU
		{0DF1EE79-740F-499D-AC3C-97A146A751E0}.Release|x86.ActiveCfg = Release|Any CPU
		{0DF1EE79-740F-499D-AC3C-97A146A751E0}.Release|x86.Build.0 = Release|Any CPU
		{2C8C0D9C-BD95-4951-BBDB-9FA59FED864B}.Debug|Any CPU.ActiveCfg = Debug|Any CPU
		{2C8C0D9C-BD95-4951-BBDB-9FA59FED864B}.Debug|Any CPU.Build.0 = Debug|Any CPU
		{2C8C0D9C-BD95-4951-BBDB-9FA59FED864B}.Debug|ARM.ActiveCfg = Debug|Any CPU
		{2C8C0D9C-BD95-4951-BBDB-9FA59FED864B}.Debug|ARM.Build.0 = Debug|Any CPU
		{2C8C0D9C-BD95-4951-BBDB-9FA59FED864B}.Debug|Mixed Platforms.ActiveCfg = Debug|Any CPU
		{2C8C0D9C-BD95-4951-BBDB-9FA59FED864B}.Debug|Mixed Platforms.Build.0 = Debug|Any CPU
		{2C8C0D9C-BD95-4951-BBDB-9FA59FED864B}.Debug|x64.ActiveCfg = Debug|Any CPU
		{2C8C0D9C-BD95-4951-BBDB-9FA59FED864B}.Debug|x64.Build.0 = Debug|Any CPU
		{2C8C0D9C-BD95-4951-BBDB-9FA59FED864B}.Debug|x86.ActiveCfg = Debug|Any CPU
		{2C8C0D9C-BD95-4951-BBDB-9FA59FED864B}.Debug|x86.Build.0 = Debug|Any CPU
		{2C8C0D9C-BD95-4951-BBDB-9FA59FED864B}.Release|Any CPU.ActiveCfg = Release|Any CPU
		{2C8C0D9C-BD95-4951-BBDB-9FA59FED864B}.Release|Any CPU.Build.0 = Release|Any CPU
		{2C8C0D9C-BD95-4951-BBDB-9FA59FED864B}.Release|ARM.ActiveCfg = Release|Any CPU
		{2C8C0D9C-BD95-4951-BBDB-9FA59FED864B}.Release|ARM.Build.0 = Release|Any CPU
		{2C8C0D9C-BD95-4951-BBDB-9FA59FED864B}.Release|Mixed Platforms.ActiveCfg = Release|Any CPU
		{2C8C0D9C-BD95-4951-BBDB-9FA59FED864B}.Release|Mixed Platforms.Build.0 = Release|Any CPU
		{2C8C0D9C-BD95-4951-BBDB-9FA59FED864B}.Release|x64.ActiveCfg = Release|Any CPU
		{2C8C0D9C-BD95-4951-BBDB-9FA59FED864B}.Release|x64.Build.0 = Release|Any CPU
		{2C8C0D9C-BD95-4951-BBDB-9FA59FED864B}.Release|x86.ActiveCfg = Release|Any CPU
		{2C8C0D9C-BD95-4951-BBDB-9FA59FED864B}.Release|x86.Build.0 = Release|Any CPU
		{76A95EF7-C343-413F-A2F6-7A3E987FACA9}.Debug|Any CPU.ActiveCfg = Debug|Any CPU
		{76A95EF7-C343-413F-A2F6-7A3E987FACA9}.Debug|Any CPU.Build.0 = Debug|Any CPU
		{76A95EF7-C343-413F-A2F6-7A3E987FACA9}.Debug|ARM.ActiveCfg = Debug|Any CPU
		{76A95EF7-C343-413F-A2F6-7A3E987FACA9}.Debug|ARM.Build.0 = Debug|Any CPU
		{76A95EF7-C343-413F-A2F6-7A3E987FACA9}.Debug|Mixed Platforms.ActiveCfg = Debug|Any CPU
		{76A95EF7-C343-413F-A2F6-7A3E987FACA9}.Debug|Mixed Platforms.Build.0 = Debug|Any CPU
		{76A95EF7-C343-413F-A2F6-7A3E987FACA9}.Debug|x64.ActiveCfg = Debug|Any CPU
		{76A95EF7-C343-413F-A2F6-7A3E987FACA9}.Debug|x64.Build.0 = Debug|Any CPU
		{76A95EF7-C343-413F-A2F6-7A3E987FACA9}.Debug|x86.ActiveCfg = Debug|Any CPU
		{76A95EF7-C343-413F-A2F6-7A3E987FACA9}.Debug|x86.Build.0 = Debug|Any CPU
		{76A95EF7-C343-413F-A2F6-7A3E987FACA9}.Release|Any CPU.ActiveCfg = Release|Any CPU
		{76A95EF7-C343-413F-A2F6-7A3E987FACA9}.Release|Any CPU.Build.0 = Release|Any CPU
		{76A95EF7-C343-413F-A2F6-7A3E987FACA9}.Release|ARM.ActiveCfg = Release|Any CPU
		{76A95EF7-C343-413F-A2F6-7A3E987FACA9}.Release|ARM.Build.0 = Release|Any CPU
		{76A95EF7-C343-413F-A2F6-7A3E987FACA9}.Release|Mixed Platforms.ActiveCfg = Release|Any CPU
		{76A95EF7-C343-413F-A2F6-7A3E987FACA9}.Release|Mixed Platforms.Build.0 = Release|Any CPU
		{76A95EF7-C343-413F-A2F6-7A3E987FACA9}.Release|x64.ActiveCfg = Release|Any CPU
		{76A95EF7-C343-413F-A2F6-7A3E987FACA9}.Release|x64.Build.0 = Release|Any CPU
		{76A95EF7-C343-413F-A2F6-7A3E987FACA9}.Release|x86.ActiveCfg = Release|Any CPU
		{76A95EF7-C343-413F-A2F6-7A3E987FACA9}.Release|x86.Build.0 = Release|Any CPU
		{674206D6-6E20-49A9-B80A-00C1BA92966E}.Debug|Any CPU.ActiveCfg = Debug|Any CPU
		{674206D6-6E20-49A9-B80A-00C1BA92966E}.Debug|Any CPU.Build.0 = Debug|Any CPU
		{674206D6-6E20-49A9-B80A-00C1BA92966E}.Debug|ARM.ActiveCfg = Debug|Any CPU
		{674206D6-6E20-49A9-B80A-00C1BA92966E}.Debug|ARM.Build.0 = Debug|Any CPU
		{674206D6-6E20-49A9-B80A-00C1BA92966E}.Debug|Mixed Platforms.ActiveCfg = Debug|Any CPU
		{674206D6-6E20-49A9-B80A-00C1BA92966E}.Debug|Mixed Platforms.Build.0 = Debug|Any CPU
		{674206D6-6E20-49A9-B80A-00C1BA92966E}.Debug|x64.ActiveCfg = Debug|Any CPU
		{674206D6-6E20-49A9-B80A-00C1BA92966E}.Debug|x64.Build.0 = Debug|Any CPU
		{674206D6-6E20-49A9-B80A-00C1BA92966E}.Debug|x86.ActiveCfg = Debug|Any CPU
		{674206D6-6E20-49A9-B80A-00C1BA92966E}.Debug|x86.Build.0 = Debug|Any CPU
		{674206D6-6E20-49A9-B80A-00C1BA92966E}.Release|Any CPU.ActiveCfg = Release|Any CPU
		{674206D6-6E20-49A9-B80A-00C1BA92966E}.Release|Any CPU.Build.0 = Release|Any CPU
		{674206D6-6E20-49A9-B80A-00C1BA92966E}.Release|ARM.ActiveCfg = Release|Any CPU
		{674206D6-6E20-49A9-B80A-00C1BA92966E}.Release|ARM.Build.0 = Release|Any CPU
		{674206D6-6E20-49A9-B80A-00C1BA92966E}.Release|Mixed Platforms.ActiveCfg = Release|Any CPU
		{674206D6-6E20-49A9-B80A-00C1BA92966E}.Release|Mixed Platforms.Build.0 = Release|Any CPU
		{674206D6-6E20-49A9-B80A-00C1BA92966E}.Release|x64.ActiveCfg = Release|Any CPU
		{674206D6-6E20-49A9-B80A-00C1BA92966E}.Release|x64.Build.0 = Release|Any CPU
		{674206D6-6E20-49A9-B80A-00C1BA92966E}.Release|x86.ActiveCfg = Release|Any CPU
		{674206D6-6E20-49A9-B80A-00C1BA92966E}.Release|x86.Build.0 = Release|Any CPU
		{C8E8D8F4-CCDF-40FF-9B53-0323E4BEC60B}.Debug|Any CPU.ActiveCfg = Debug|Any CPU
		{C8E8D8F4-CCDF-40FF-9B53-0323E4BEC60B}.Debug|Any CPU.Build.0 = Debug|Any CPU
		{C8E8D8F4-CCDF-40FF-9B53-0323E4BEC60B}.Debug|ARM.ActiveCfg = Debug|Any CPU
		{C8E8D8F4-CCDF-40FF-9B53-0323E4BEC60B}.Debug|ARM.Build.0 = Debug|Any CPU
		{C8E8D8F4-CCDF-40FF-9B53-0323E4BEC60B}.Debug|Mixed Platforms.ActiveCfg = Debug|Any CPU
		{C8E8D8F4-CCDF-40FF-9B53-0323E4BEC60B}.Debug|Mixed Platforms.Build.0 = Debug|Any CPU
		{C8E8D8F4-CCDF-40FF-9B53-0323E4BEC60B}.Debug|x64.ActiveCfg = Debug|Any CPU
		{C8E8D8F4-CCDF-40FF-9B53-0323E4BEC60B}.Debug|x64.Build.0 = Debug|Any CPU
		{C8E8D8F4-CCDF-40FF-9B53-0323E4BEC60B}.Debug|x86.ActiveCfg = Debug|Any CPU
		{C8E8D8F4-CCDF-40FF-9B53-0323E4BEC60B}.Debug|x86.Build.0 = Debug|Any CPU
		{C8E8D8F4-CCDF-40FF-9B53-0323E4BEC60B}.Release|Any CPU.ActiveCfg = Release|Any CPU
		{C8E8D8F4-CCDF-40FF-9B53-0323E4BEC60B}.Release|Any CPU.Build.0 = Release|Any CPU
		{C8E8D8F4-CCDF-40FF-9B53-0323E4BEC60B}.Release|ARM.ActiveCfg = Release|Any CPU
		{C8E8D8F4-CCDF-40FF-9B53-0323E4BEC60B}.Release|ARM.Build.0 = Release|Any CPU
		{C8E8D8F4-CCDF-40FF-9B53-0323E4BEC60B}.Release|Mixed Platforms.ActiveCfg = Release|Any CPU
		{C8E8D8F4-CCDF-40FF-9B53-0323E4BEC60B}.Release|Mixed Platforms.Build.0 = Release|Any CPU
		{C8E8D8F4-CCDF-40FF-9B53-0323E4BEC60B}.Release|x64.ActiveCfg = Release|Any CPU
		{C8E8D8F4-CCDF-40FF-9B53-0323E4BEC60B}.Release|x64.Build.0 = Release|Any CPU
		{C8E8D8F4-CCDF-40FF-9B53-0323E4BEC60B}.Release|x86.ActiveCfg = Release|Any CPU
		{C8E8D8F4-CCDF-40FF-9B53-0323E4BEC60B}.Release|x86.Build.0 = Release|Any CPU
		{03B9F361-8E01-4347-8E5E-247C98FEB637}.Debug|Any CPU.ActiveCfg = Debug|x64
		{03B9F361-8E01-4347-8E5E-247C98FEB637}.Debug|Any CPU.Build.0 = Debug|x64
		{03B9F361-8E01-4347-8E5E-247C98FEB637}.Debug|ARM.ActiveCfg = Debug|x64
		{03B9F361-8E01-4347-8E5E-247C98FEB637}.Debug|ARM.Build.0 = Debug|x64
		{03B9F361-8E01-4347-8E5E-247C98FEB637}.Debug|Mixed Platforms.ActiveCfg = Debug|x64
		{03B9F361-8E01-4347-8E5E-247C98FEB637}.Debug|Mixed Platforms.Build.0 = Debug|x64
		{03B9F361-8E01-4347-8E5E-247C98FEB637}.Debug|x64.ActiveCfg = Debug|x64
		{03B9F361-8E01-4347-8E5E-247C98FEB637}.Debug|x64.Build.0 = Debug|x64
		{03B9F361-8E01-4347-8E5E-247C98FEB637}.Debug|x86.ActiveCfg = Debug|Win32
		{03B9F361-8E01-4347-8E5E-247C98FEB637}.Debug|x86.Build.0 = Debug|Win32
		{03B9F361-8E01-4347-8E5E-247C98FEB637}.Release|Any CPU.ActiveCfg = Release|x64
		{03B9F361-8E01-4347-8E5E-247C98FEB637}.Release|Any CPU.Build.0 = Release|x64
		{03B9F361-8E01-4347-8E5E-247C98FEB637}.Release|ARM.ActiveCfg = Release|x64
		{03B9F361-8E01-4347-8E5E-247C98FEB637}.Release|ARM.Build.0 = Release|x64
		{03B9F361-8E01-4347-8E5E-247C98FEB637}.Release|Mixed Platforms.ActiveCfg = Release|x64
		{03B9F361-8E01-4347-8E5E-247C98FEB637}.Release|Mixed Platforms.Build.0 = Release|x64
		{03B9F361-8E01-4347-8E5E-247C98FEB637}.Release|x64.ActiveCfg = Release|x64
		{03B9F361-8E01-4347-8E5E-247C98FEB637}.Release|x64.Build.0 = Release|x64
		{03B9F361-8E01-4347-8E5E-247C98FEB637}.Release|x86.ActiveCfg = Release|Win32
		{03B9F361-8E01-4347-8E5E-247C98FEB637}.Release|x86.Build.0 = Release|Win32
		{397461B5-B2D8-43B8-B2E7-B7A1660D4303}.Debug|Any CPU.ActiveCfg = Debug|Any CPU
		{397461B5-B2D8-43B8-B2E7-B7A1660D4303}.Debug|ARM.ActiveCfg = Debug|Any CPU
		{397461B5-B2D8-43B8-B2E7-B7A1660D4303}.Debug|Mixed Platforms.ActiveCfg = Debug|Any CPU
		{397461B5-B2D8-43B8-B2E7-B7A1660D4303}.Debug|x64.ActiveCfg = Debug|Any CPU
		{397461B5-B2D8-43B8-B2E7-B7A1660D4303}.Debug|x86.ActiveCfg = Debug|Any CPU
		{397461B5-B2D8-43B8-B2E7-B7A1660D4303}.Release|Any CPU.ActiveCfg = Release|Any CPU
		{397461B5-B2D8-43B8-B2E7-B7A1660D4303}.Release|ARM.ActiveCfg = Release|Any CPU
		{397461B5-B2D8-43B8-B2E7-B7A1660D4303}.Release|Mixed Platforms.ActiveCfg = Release|Any CPU
		{397461B5-B2D8-43B8-B2E7-B7A1660D4303}.Release|x64.ActiveCfg = Release|Any CPU
		{397461B5-B2D8-43B8-B2E7-B7A1660D4303}.Release|x86.ActiveCfg = Release|Any CPU
	EndGlobalSection
	GlobalSection(SolutionProperties) = preSolution
		HideSolutionNode = FALSE
	EndGlobalSection
	GlobalSection(NestedProjects) = preSolution
		{68C9AFB7-4D80-4B0E-8A2C-1151A3698B27} = {39456563-C898-4929-ABC8-65CA968F5DEE}
		{5AAD217F-B007-4224-8B35-374728AE2DCB} = {7DEB3D6E-0147-4A4E-9F64-BCFB040A1752}
		{0DF1EE79-740F-499D-AC3C-97A146A751E0} = {39456563-C898-4929-ABC8-65CA968F5DEE}
		{2C8C0D9C-BD95-4951-BBDB-9FA59FED864B} = {39456563-C898-4929-ABC8-65CA968F5DEE}
		{76A95EF7-C343-413F-A2F6-7A3E987FACA9} = {0943C0A0-5012-47F8-A7D4-BDFACA838209}
		{674206D6-6E20-49A9-B80A-00C1BA92966E} = {39456563-C898-4929-ABC8-65CA968F5DEE}
		{C8E8D8F4-CCDF-40FF-9B53-0323E4BEC60B} = {0943C0A0-5012-47F8-A7D4-BDFACA838209}
		{03B9F361-8E01-4347-8E5E-247C98FEB637} = {AA1AE595-3AFD-40B4-A0EF-AF5AAED55A35}
		{397461B5-B2D8-43B8-B2E7-B7A1660D4303} = {AA1AE595-3AFD-40B4-A0EF-AF5AAED55A35}
	EndGlobalSection
	GlobalSection(ExtensibilityGlobals) = postSolution
		SolutionGuid = {6D08D1D4-0E7E-436D-BC36-86E4830B1592}
	EndGlobalSection
EndGlobal
