
Microsoft Visual Studio Solution File, Format Version 12.00
# Visual Studio Version 17
VisualStudioVersion = 17.1.32210.238
MinimumVisualStudioVersion = 10.0.40219.1
Project("{FAE04EC0-301F-11D3-BF4B-00C04F79EFBC}") = "OpenDmx", "ftditest1\OpenDmx.csproj", "{54AC2E62-FB55-49AB-9354-5B35D4D12160}"
EndProject
Project("{FAE04EC0-301F-11D3-BF4B-00C04F79EFBC}") = "DmxLightingService", "DmxLightingService\DmxLightingService.csproj", "{96480977-F07F-4A52-9F64-C31538A3246D}"
EndProject
Project("{FAE04EC0-301F-11D3-BF4B-00C04F79EFBC}") = "DmxClient", "DmxClient\DmxClient.csproj", "{30BE4010-7AA8-471E-B88D-84EABF86C71E}"
	ProjectSection(ProjectDependencies) = postProject
		{54AC2E62-FB55-49AB-9354-5B35D4D12160} = {54AC2E62-FB55-49AB-9354-5B35D4D12160}
	EndProjectSection
EndProject
Project("{2150E333-8FDC-42A3-9474-1A3956D46DE8}") = "Solution Items", "Solution Items", "{E1E16142-7CFA-464E-9C67-E61FFEF820DE}"
	ProjectSection(SolutionItems) = preProject
		Performance1.psess = Performance1.psess
		Performance2.psess = Performance2.psess
	EndProjectSection
EndProject
Project("{9A19103F-16F7-4668-BE54-9A1E7A4F7556}") = "LightMixer", "LightMixer\LightMixer.csproj", "{68C9AFB7-4D80-4B0E-8A2C-1151A3698B27}"
EndProject
Project("{FAE04EC0-301F-11D3-BF4B-00C04F79EFBC}") = "BeatDetector", "BeatDetector\BeatDetector.csproj", "{0B5CAD10-7334-468A-A6AE-D47CC1DD5B12}"
EndProject
Project("{2150E333-8FDC-42A3-9474-1A3956D46DE8}") = "Service", "Service", "{52EF352E-2614-48ED-92C8-5860AEDC25DD}"
EndProject
Project("{2150E333-8FDC-42A3-9474-1A3956D46DE8}") = "App", "App", "{39456563-C898-4929-ABC8-65CA968F5DEE}"
EndProject
Project("{FAE04EC0-301F-11D3-BF4B-00C04F79EFBC}") = "MidiController", "MidiController\MidiController.csproj", "{91AB987B-E47B-45ED-96EF-8223FCBC75F7}"
EndProject
Project("{8BC9CEB8-8B4A-11D0-8D11-00A0C91BC942}") = "SolairXLight", "Dll1\Dll1.vcxproj", "{03B9F361-8E01-4347-8E5E-247C98FEB637}"
EndProject
Project("{FAE04EC0-301F-11D3-BF4B-00C04F79EFBC}") = "LightMixerTests", "LightMixerTests\LightMixerTests.csproj", "{5AAD217F-B007-4224-8B35-374728AE2DCB}"
EndProject
Project("{9A19103F-16F7-4668-BE54-9A1E7A4F7556}") = "LightMixerBlazor", "LightMixerBlazor\LightMixerBlazor.csproj", "{0DF1EE79-740F-499D-AC3C-97A146A751E0}"
EndProject
Project("{2150E333-8FDC-42A3-9474-1A3956D46DE8}") = "API", "API", "{AA1AE595-3AFD-40B4-A0EF-AF5AAED55A35}"
EndProject
Project("{2150E333-8FDC-42A3-9474-1A3956D46DE8}") = "TEST", "TEST", "{7DEB3D6E-0147-4A4E-9F64-BCFB040A1752}"
EndProject
Project("{9A19103F-16F7-4668-BE54-9A1E7A4F7556}") = "BlazorSignalRApp.Server", "Server\BlazorSignalRApp.Server.csproj", "{2C8C0D9C-BD95-4951-BBDB-9FA59FED864B}"
EndProject
Project("{FAE04EC0-301F-11D3-BF4B-00C04F79EFBC}") = "BeatAnalyser.Net", "BeatAnalyser.Net\BeatAnalyser.Net.csproj", "{12438485-D12C-4C49-8F82-65BB130DBDAA}"
EndProject
Project("{888888A0-9F3D-457C-B088-3A5042F75D52}") = "MLAnalyser", "MLAnalyser\MLAnalyser.pyproj", "{6E3FFE06-E96B-4F6F-A695-AAFCEEF231A9}"
EndProject
Global
	GlobalSection(SolutionConfigurationPlatforms) = preSolution
		Debug|Any CPU = Debug|Any CPU
		Debug|ARM = Debug|ARM
		Debug|Mixed Platforms = Debug|Mixed Platforms
		Debug|x64 = Debug|x64
		Debug|x86 = Debug|x86
		Release|Any CPU = Release|Any CPU
		Release|ARM = Release|ARM
		Release|Mixed Platforms = Release|Mixed Platforms
		Release|x64 = Release|x64
		Release|x86 = Release|x86
	EndGlobalSection
	GlobalSection(ProjectConfigurationPlatforms) = postSolution
		{54AC2E62-FB55-49AB-9354-5B35D4D12160}.Debug|Any CPU.ActiveCfg = Debug|x86
		{54AC2E62-FB55-49AB-9354-5B35D4D12160}.Debug|ARM.ActiveCfg = Debug|x86
		{54AC2E62-FB55-49AB-9354-5B35D4D12160}.Debug|Mixed Platforms.ActiveCfg = Debug|x86
		{54AC2E62-FB55-49AB-9354-5B35D4D12160}.Debug|Mixed Platforms.Build.0 = Debug|x86
		{54AC2E62-FB55-49AB-9354-5B35D4D12160}.Debug|x64.ActiveCfg = Debug|x86
		{54AC2E62-FB55-49AB-9354-5B35D4D12160}.Debug|x64.Build.0 = Debug|x86
		{54AC2E62-FB55-49AB-9354-5B35D4D12160}.Debug|x86.ActiveCfg = Debug|x86
		{54AC2E62-FB55-49AB-9354-5B35D4D12160}.Debug|x86.Build.0 = Debug|x86
		{54AC2E62-FB55-49AB-9354-5B35D4D12160}.Release|Any CPU.ActiveCfg = Release|x86
		{54AC2E62-FB55-49AB-9354-5B35D4D12160}.Release|ARM.ActiveCfg = Release|x86
		{54AC2E62-FB55-49AB-9354-5B35D4D12160}.Release|Mixed Platforms.ActiveCfg = Release|x86
		{54AC2E62-FB55-49AB-9354-5B35D4D12160}.Release|Mixed Platforms.Build.0 = Release|x86
		{54AC2E62-FB55-49AB-9354-5B35D4D12160}.Release|x64.ActiveCfg = Release|x86
		{54AC2E62-FB55-49AB-9354-5B35D4D12160}.Release|x86.ActiveCfg = Release|x86
		{54AC2E62-FB55-49AB-9354-5B35D4D12160}.Release|x86.Build.0 = Release|x86
		{96480977-F07F-4A52-9F64-C31538A3246D}.Debug|Any CPU.ActiveCfg = Debug|x86
		{96480977-F07F-4A52-9F64-C31538A3246D}.Debug|Any CPU.Build.0 = Debug|x86
		{96480977-F07F-4A52-9F64-C31538A3246D}.Debug|ARM.ActiveCfg = Debug|x86
		{96480977-F07F-4A52-9F64-C31538A3246D}.Debug|Mixed Platforms.ActiveCfg = Debug|x86
		{96480977-F07F-4A52-9F64-C31538A3246D}.Debug|Mixed Platforms.Build.0 = Debug|x86
		{96480977-F07F-4A52-9F64-C31538A3246D}.Debug|x64.ActiveCfg = Debug|x86
		{96480977-F07F-4A52-9F64-C31538A3246D}.Debug|x64.Build.0 = Debug|x86
		{96480977-F07F-4A52-9F64-C31538A3246D}.Debug|x86.ActiveCfg = Debug|x86
		{96480977-F07F-4A52-9F64-C31538A3246D}.Debug|x86.Build.0 = Debug|x86
		{96480977-F07F-4A52-9F64-C31538A3246D}.Release|Any CPU.ActiveCfg = Release|x86
		{96480977-F07F-4A52-9F64-C31538A3246D}.Release|ARM.ActiveCfg = Release|x86
		{96480977-F07F-4A52-9F64-C31538A3246D}.Release|Mixed Platforms.ActiveCfg = Release|x86
		{96480977-F07F-4A52-9F64-C31538A3246D}.Release|Mixed Platforms.Build.0 = Release|x86
		{96480977-F07F-4A52-9F64-C31538A3246D}.Release|x64.ActiveCfg = Release|x86
		{96480977-F07F-4A52-9F64-C31538A3246D}.Release|x86.ActiveCfg = Release|x86
		{96480977-F07F-4A52-9F64-C31538A3246D}.Release|x86.Build.0 = Release|x86
		{30BE4010-7AA8-471E-B88D-84EABF86C71E}.Debug|Any CPU.ActiveCfg = Debug|x86
		{30BE4010-7AA8-471E-B88D-84EABF86C71E}.Debug|Any CPU.Build.0 = Debug|x86
		{30BE4010-7AA8-471E-B88D-84EABF86C71E}.Debug|ARM.ActiveCfg = Debug|x86
		{30BE4010-7AA8-471E-B88D-84EABF86C71E}.Debug|Mixed Platforms.ActiveCfg = Debug|x86
		{30BE4010-7AA8-471E-B88D-84EABF86C71E}.Debug|Mixed Platforms.Build.0 = Debug|x86
		{30BE4010-7AA8-471E-B88D-84EABF86C71E}.Debug|x64.ActiveCfg = Debug|x86
		{30BE4010-7AA8-471E-B88D-84EABF86C71E}.Debug|x64.Build.0 = Debug|x86
		{30BE4010-7AA8-471E-B88D-84EABF86C71E}.Debug|x86.ActiveCfg = Debug|x86
		{30BE4010-7AA8-471E-B88D-84EABF86C71E}.Debug|x86.Build.0 = Debug|x86
		{30BE4010-7AA8-471E-B88D-84EABF86C71E}.Release|Any CPU.ActiveCfg = Release|x86
		{30BE4010-7AA8-471E-B88D-84EABF86C71E}.Release|ARM.ActiveCfg = Release|x86
		{30BE4010-7AA8-471E-B88D-84EABF86C71E}.Release|Mixed Platforms.ActiveCfg = Release|x86
		{30BE4010-7AA8-471E-B88D-84EABF86C71E}.Release|Mixed Platforms.Build.0 = Release|x86
		{30BE4010-7AA8-471E-B88D-84EABF86C71E}.Release|x64.ActiveCfg = Release|x86
		{30BE4010-7AA8-471E-B88D-84EABF86C71E}.Release|x86.ActiveCfg = Release|x86
		{30BE4010-7AA8-471E-B88D-84EABF86C71E}.Release|x86.Build.0 = Release|x86
		{68C9AFB7-4D80-4B0E-8A2C-1151A3698B27}.Debug|Any CPU.ActiveCfg = Debug|x86
		{68C9AFB7-4D80-4B0E-8A2C-1151A3698B27}.Debug|Any CPU.Build.0 = Debug|x86
		{68C9AFB7-4D80-4B0E-8A2C-1151A3698B27}.Debug|ARM.ActiveCfg = Debug|x86
		{68C9AFB7-4D80-4B0E-8A2C-1151A3698B27}.Debug|Mixed Platforms.ActiveCfg = Debug|x86
		{68C9AFB7-4D80-4B0E-8A2C-1151A3698B27}.Debug|Mixed Platforms.Build.0 = Debug|x86
		{68C9AFB7-4D80-4B0E-8A2C-1151A3698B27}.Debug|x64.ActiveCfg = Debug|Any CPU
		{68C9AFB7-4D80-4B0E-8A2C-1151A3698B27}.Debug|x64.Build.0 = Debug|Any CPU
		{68C9AFB7-4D80-4B0E-8A2C-1151A3698B27}.Debug|x86.ActiveCfg = Debug|x86
		{68C9AFB7-4D80-4B0E-8A2C-1151A3698B27}.Debug|x86.Build.0 = Debug|x86
		{68C9AFB7-4D80-4B0E-8A2C-1151A3698B27}.Release|Any CPU.ActiveCfg = Release|x86
		{68C9AFB7-4D80-4B0E-8A2C-1151A3698B27}.Release|ARM.ActiveCfg = Release|x86
		{68C9AFB7-4D80-4B0E-8A2C-1151A3698B27}.Release|Mixed Platforms.ActiveCfg = Release|x86
		{68C9AFB7-4D80-4B0E-8A2C-1151A3698B27}.Release|Mixed Platforms.Build.0 = Release|x86
		{68C9AFB7-4D80-4B0E-8A2C-1151A3698B27}.Release|x64.ActiveCfg = Release|x86
		{68C9AFB7-4D80-4B0E-8A2C-1151A3698B27}.Release|x86.ActiveCfg = Release|x86
		{68C9AFB7-4D80-4B0E-8A2C-1151A3698B27}.Release|x86.Build.0 = Release|x86
		{0B5CAD10-7334-468A-A6AE-D47CC1DD5B12}.Debug|Any CPU.ActiveCfg = Debug|Any CPU
		{0B5CAD10-7334-468A-A6AE-D47CC1DD5B12}.Debug|Any CPU.Build.0 = Debug|Any CPU
		{0B5CAD10-7334-468A-A6AE-D47CC1DD5B12}.Debug|ARM.ActiveCfg = Debug|Any CPU
		{0B5CAD10-7334-468A-A6AE-D47CC1DD5B12}.Debug|Mixed Platforms.ActiveCfg = Debug|Any CPU
		{0B5CAD10-7334-468A-A6AE-D47CC1DD5B12}.Debug|Mixed Platforms.Build.0 = Debug|Any CPU
		{0B5CAD10-7334-468A-A6AE-D47CC1DD5B12}.Debug|x64.ActiveCfg = Debug|Any CPU
		{0B5CAD10-7334-468A-A6AE-D47CC1DD5B12}.Debug|x64.Build.0 = Debug|Any CPU
		{0B5CAD10-7334-468A-A6AE-D47CC1DD5B12}.Debug|x86.ActiveCfg = Debug|Any CPU
		{0B5CAD10-7334-468A-A6AE-D47CC1DD5B12}.Debug|x86.Build.0 = Debug|Any CPU
		{0B5CAD10-7334-468A-A6AE-D47CC1DD5B12}.Release|Any CPU.ActiveCfg = Release|Any CPU
		{0B5CAD10-7334-468A-A6AE-D47CC1DD5B12}.Release|Any CPU.Build.0 = Release|Any CPU
		{0B5CAD10-7334-468A-A6AE-D47CC1DD5B12}.Release|ARM.ActiveCfg = Release|Any CPU
		{0B5CAD10-7334-468A-A6AE-D47CC1DD5B12}.Release|Mixed Platforms.ActiveCfg = Release|Any CPU
		{0B5CAD10-7334-468A-A6AE-D47CC1DD5B12}.Release|Mixed Platforms.Build.0 = Release|Any CPU
		{0B5CAD10-7334-468A-A6AE-D47CC1DD5B12}.Release|x64.ActiveCfg = Release|Any CPU
		{0B5CAD10-7334-468A-A6AE-D47CC1DD5B12}.Release|x86.ActiveCfg = Release|Any CPU
		{91AB987B-E47B-45ED-96EF-8223FCBC75F7}.Debug|Any CPU.ActiveCfg = Debug|Any CPU
		{91AB987B-E47B-45ED-96EF-8223FCBC75F7}.Debug|Any CPU.Build.0 = Debug|Any CPU
		{91AB987B-E47B-45ED-96EF-8223FCBC75F7}.Debug|ARM.ActiveCfg = Debug|Any CPU
		{91AB987B-E47B-45ED-96EF-8223FCBC75F7}.Debug|ARM.Build.0 = Debug|Any CPU
		{91AB987B-E47B-45ED-96EF-8223FCBC75F7}.Debug|Mixed Platforms.ActiveCfg = Debug|Any CPU
		{91AB987B-E47B-45ED-96EF-8223FCBC75F7}.Debug|Mixed Platforms.Build.0 = Debug|Any CPU
		{91AB987B-E47B-45ED-96EF-8223FCBC75F7}.Debug|x64.ActiveCfg = Debug|Any CPU
		{91AB987B-E47B-45ED-96EF-8223FCBC75F7}.Debug|x64.Build.0 = Debug|Any CPU
		{91AB987B-E47B-45ED-96EF-8223FCBC75F7}.Debug|x86.ActiveCfg = Debug|Any CPU
		{91AB987B-E47B-45ED-96EF-8223FCBC75F7}.Debug|x86.Build.0 = Debug|Any CPU
		{91AB987B-E47B-45ED-96EF-8223FCBC75F7}.Release|Any CPU.ActiveCfg = Release|Any CPU
		{91AB987B-E47B-45ED-96EF-8223FCBC75F7}.Release|Any CPU.Build.0 = Release|Any CPU
		{91AB987B-E47B-45ED-96EF-8223FCBC75F7}.Release|ARM.ActiveCfg = Release|Any CPU
		{91AB987B-E47B-45ED-96EF-8223FCBC75F7}.Release|ARM.Build.0 = Release|Any CPU
		{91AB987B-E47B-45ED-96EF-8223FCBC75F7}.Release|Mixed Platforms.ActiveCfg = Release|Any CPU
		{91AB987B-E47B-45ED-96EF-8223FCBC75F7}.Release|Mixed Platforms.Build.0 = Release|Any CPU
		{91AB987B-E47B-45ED-96EF-8223FCBC75F7}.Release|x64.ActiveCfg = Release|Any CPU
		{91AB987B-E47B-45ED-96EF-8223FCBC75F7}.Release|x64.Build.0 = Release|Any CPU
		{91AB987B-E47B-45ED-96EF-8223FCBC75F7}.Release|x86.ActiveCfg = Release|Any CPU
		{91AB987B-E47B-45ED-96EF-8223FCBC75F7}.Release|x86.Build.0 = Release|Any CPU
		{03B9F361-8E01-4347-8E5E-247C98FEB637}.Debug|Any CPU.ActiveCfg = Debug|Win32
		{03B9F361-8E01-4347-8E5E-247C98FEB637}.Debug|ARM.ActiveCfg = Debug|Win32
		{03B9F361-8E01-4347-8E5E-247C98FEB637}.Debug|Mixed Platforms.ActiveCfg = Debug|Win32
		{03B9F361-8E01-4347-8E5E-247C98FEB637}.Debug|Mixed Platforms.Build.0 = Debug|Win32
		{03B9F361-8E01-4347-8E5E-247C98FEB637}.Debug|x64.ActiveCfg = Debug|x64
		{03B9F361-8E01-4347-8E5E-247C98FEB637}.Debug|x64.Build.0 = Debug|x64
		{03B9F361-8E01-4347-8E5E-247C98FEB637}.Debug|x86.ActiveCfg = Debug|Win32
		{03B9F361-8E01-4347-8E5E-247C98FEB637}.Debug|x86.Build.0 = Debug|Win32
		{03B9F361-8E01-4347-8E5E-247C98FEB637}.Release|Any CPU.ActiveCfg = Release|Win32
		{03B9F361-8E01-4347-8E5E-247C98FEB637}.Release|ARM.ActiveCfg = Release|Win32
		{03B9F361-8E01-4347-8E5E-247C98FEB637}.Release|Mixed Platforms.ActiveCfg = Release|Win32
		{03B9F361-8E01-4347-8E5E-247C98FEB637}.Release|Mixed Platforms.Build.0 = Release|Win32
		{03B9F361-8E01-4347-8E5E-247C98FEB637}.Release|x64.ActiveCfg = Release|x64
		{03B9F361-8E01-4347-8E5E-247C98FEB637}.Release|x64.Build.0 = Release|x64
		{03B9F361-8E01-4347-8E5E-247C98FEB637}.Release|x86.ActiveCfg = Release|Win32
		{03B9F361-8E01-4347-8E5E-247C98FEB637}.Release|x86.Build.0 = Release|Win32
		{5AAD217F-B007-4224-8B35-374728AE2DCB}.Debug|Any CPU.ActiveCfg = Debug|Any CPU
		{5AAD217F-B007-4224-8B35-374728AE2DCB}.Debug|Any CPU.Build.0 = Debug|Any CPU
		{5AAD217F-B007-4224-8B35-374728AE2DCB}.Debug|ARM.ActiveCfg = Debug|Any CPU
		{5AAD217F-B007-4224-8B35-374728AE2DCB}.Debug|ARM.Build.0 = Debug|Any CPU
		{5AAD217F-B007-4224-8B35-374728AE2DCB}.Debug|Mixed Platforms.ActiveCfg = Debug|Any CPU
		{5AAD217F-B007-4224-8B35-374728AE2DCB}.Debug|Mixed Platforms.Build.0 = Debug|Any CPU
		{5AAD217F-B007-4224-8B35-374728AE2DCB}.Debug|x64.ActiveCfg = Debug|Any CPU
		{5AAD217F-B007-4224-8B35-374728AE2DCB}.Debug|x64.Build.0 = Debug|Any CPU
		{5AAD217F-B007-4224-8B35-374728AE2DCB}.Debug|x86.ActiveCfg = Debug|Any CPU
		{5AAD217F-B007-4224-8B35-374728AE2DCB}.Debug|x86.Build.0 = Debug|Any CPU
		{5AAD217F-B007-4224-8B35-374728AE2DCB}.Release|Any CPU.ActiveCfg = Release|Any CPU
		{5AAD217F-B007-4224-8B35-374728AE2DCB}.Release|Any CPU.Build.0 = Release|Any CPU
		{5AAD217F-B007-4224-8B35-374728AE2DCB}.Release|ARM.ActiveCfg = Release|Any CPU
		{5AAD217F-B007-4224-8B35-374728AE2DCB}.Release|ARM.Build.0 = Release|Any CPU
		{5AAD217F-B007-4224-8B35-374728AE2DCB}.Release|Mixed Platforms.ActiveCfg = Release|Any CPU
		{5AAD217F-B007-4224-8B35-374728AE2DCB}.Release|Mixed Platforms.Build.0 = Release|Any CPU
		{5AAD217F-B007-4224-8B35-374728AE2DCB}.Release|x64.ActiveCfg = Release|Any CPU
		{5AAD217F-B007-4224-8B35-374728AE2DCB}.Release|x64.Build.0 = Release|Any CPU
		{5AAD217F-B007-4224-8B35-374728AE2DCB}.Release|x86.ActiveCfg = Release|Any CPU
		{5AAD217F-B007-4224-8B35-374728AE2DCB}.Release|x86.Build.0 = Release|Any CPU
		{0DF1EE79-740F-499D-AC3C-97A146A751E0}.Debug|Any CPU.ActiveCfg = Debug|Any CPU
		{0DF1EE79-740F-499D-AC3C-97A146A751E0}.Debug|Any CPU.Build.0 = Debug|Any CPU
		{0DF1EE79-740F-499D-AC3C-97A146A751E0}.Debug|ARM.ActiveCfg = Debug|Any CPU
		{0DF1EE79-740F-499D-AC3C-97A146A751E0}.Debug|ARM.Build.0 = Debug|Any CPU
		{0DF1EE79-740F-499D-AC3C-97A146A751E0}.Debug|Mixed Platforms.ActiveCfg = Debug|Any CPU
		{0DF1EE79-740F-499D-AC3C-97A146A751E0}.Debug|Mixed Platforms.Build.0 = Debug|Any CPU
		{0DF1EE79-740F-499D-AC3C-97A146A751E0}.Debug|x64.ActiveCfg = Debug|Any CPU
		{0DF1EE79-740F-499D-AC3C-97A146A751E0}.Debug|x64.Build.0 = Debug|Any CPU
		{0DF1EE79-740F-499D-AC3C-97A146A751E0}.Debug|x86.ActiveCfg = Debug|Any CPU
		{0DF1EE79-740F-499D-AC3C-97A146A751E0}.Debug|x86.Build.0 = Debug|Any CPU
		{0DF1EE79-740F-499D-AC3C-97A146A751E0}.Release|Any CPU.ActiveCfg = Release|Any CPU
		{0DF1EE79-740F-499D-AC3C-97A146A751E0}.Release|Any CPU.Build.0 = Release|Any CPU
		{0DF1EE79-740F-499D-AC3C-97A146A751E0}.Release|ARM.ActiveCfg = Release|Any CPU
		{0DF1EE79-740F-499D-AC3C-97A146A751E0}.Release|ARM.Build.0 = Release|Any CPU
		{0DF1EE79-740F-499D-AC3C-97A146A751E0}.Release|Mixed Platforms.ActiveCfg = Release|Any CPU
		{0DF1EE79-740F-499D-AC3C-97A146A751E0}.Release|Mixed Platforms.Build.0 = Release|Any CPU
		{0DF1EE79-740F-499D-AC3C-97A146A751E0}.Release|x64.ActiveCfg = Release|Any CPU
		{0DF1EE79-740F-499D-AC3C-97A146A751E0}.Release|x64.Build.0 = Release|Any CPU
		{0DF1EE79-740F-499D-AC3C-97A146A751E0}.Release|x86.ActiveCfg = Release|Any CPU
		{0DF1EE79-740F-499D-AC3C-97A146A751E0}.Release|x86.Build.0 = Release|Any CPU
		{2C8C0D9C-BD95-4951-BBDB-9FA59FED864B}.Debug|Any CPU.ActiveCfg = Debug|Any CPU
		{2C8C0D9C-BD95-4951-BBDB-9FA59FED864B}.Debug|Any CPU.Build.0 = Debug|Any CPU
		{2C8C0D9C-BD95-4951-BBDB-9FA59FED864B}.Debug|ARM.ActiveCfg = Debug|Any CPU
		{2C8C0D9C-BD95-4951-BBDB-9FA59FED864B}.Debug|ARM.Build.0 = Debug|Any CPU
		{2C8C0D9C-BD95-4951-BBDB-9FA59FED864B}.Debug|Mixed Platforms.ActiveCfg = Debug|Any CPU
		{2C8C0D9C-BD95-4951-BBDB-9FA59FED864B}.Debug|Mixed Platforms.Build.0 = Debug|Any CPU
		{2C8C0D9C-BD95-4951-BBDB-9FA59FED864B}.Debug|x64.ActiveCfg = Debug|Any CPU
		{2C8C0D9C-BD95-4951-BBDB-9FA59FED864B}.Debug|x64.Build.0 = Debug|Any CPU
		{2C8C0D9C-BD95-4951-BBDB-9FA59FED864B}.Debug|x86.ActiveCfg = Debug|Any CPU
		{2C8C0D9C-BD95-4951-BBDB-9FA59FED864B}.Debug|x86.Build.0 = Debug|Any CPU
		{2C8C0D9C-BD95-4951-BBDB-9FA59FED864B}.Release|Any CPU.ActiveCfg = Release|Any CPU
		{2C8C0D9C-BD95-4951-BBDB-9FA59FED864B}.Release|Any CPU.Build.0 = Release|Any CPU
		{2C8C0D9C-BD95-4951-BBDB-9FA59FED864B}.Release|ARM.ActiveCfg = Release|Any CPU
		{2C8C0D9C-BD95-4951-BBDB-9FA59FED864B}.Release|ARM.Build.0 = Release|Any CPU
		{2C8C0D9C-BD95-4951-BBDB-9FA59FED864B}.Release|Mixed Platforms.ActiveCfg = Release|Any CPU
		{2C8C0D9C-BD95-4951-BBDB-9FA59FED864B}.Release|Mixed Platforms.Build.0 = Release|Any CPU
		{2C8C0D9C-BD95-4951-BBDB-9FA59FED864B}.Release|x64.ActiveCfg = Release|Any CPU
		{2C8C0D9C-BD95-4951-BBDB-9FA59FED864B}.Release|x64.Build.0 = Release|Any CPU
		{2C8C0D9C-BD95-4951-BBDB-9FA59FED864B}.Release|x86.ActiveCfg = Release|Any CPU
		{2C8C0D9C-BD95-4951-BBDB-9FA59FED864B}.Release|x86.Build.0 = Release|Any CPU
		{12438485-D12C-4C49-8F82-65BB130DBDAA}.Debug|Any CPU.ActiveCfg = Debug|Any CPU
		{12438485-D12C-4C49-8F82-65BB130DBDAA}.Debug|Any CPU.Build.0 = Debug|Any CPU
		{12438485-D12C-4C49-8F82-65BB130DBDAA}.Debug|ARM.ActiveCfg = Debug|Any CPU
		{12438485-D12C-4C49-8F82-65BB130DBDAA}.Debug|ARM.Build.0 = Debug|Any CPU
		{12438485-D12C-4C49-8F82-65BB130DBDAA}.Debug|Mixed Platforms.ActiveCfg = Debug|Any CPU
		{12438485-D12C-4C49-8F82-65BB130DBDAA}.Debug|Mixed Platforms.Build.0 = Debug|Any CPU
		{12438485-D12C-4C49-8F82-65BB130DBDAA}.Debug|x64.ActiveCfg = Debug|Any CPU
		{12438485-D12C-4C49-8F82-65BB130DBDAA}.Debug|x64.Build.0 = Debug|Any CPU
		{12438485-D12C-4C49-8F82-65BB130DBDAA}.Debug|x86.ActiveCfg = Debug|Any CPU
		{12438485-D12C-4C49-8F82-65BB130DBDAA}.Debug|x86.Build.0 = Debug|Any CPU
		{12438485-D12C-4C49-8F82-65BB130DBDAA}.Release|Any CPU.ActiveCfg = Release|Any CPU
		{12438485-D12C-4C49-8F82-65BB130DBDAA}.Release|Any CPU.Build.0 = Release|Any CPU
		{12438485-D12C-4C49-8F82-65BB130DBDAA}.Release|ARM.ActiveCfg = Release|Any CPU
		{12438485-D12C-4C49-8F82-65BB130DBDAA}.Release|ARM.Build.0 = Release|Any CPU
		{12438485-D12C-4C49-8F82-65BB130DBDAA}.Release|Mixed Platforms.ActiveCfg = Release|Any CPU
		{12438485-D12C-4C49-8F82-65BB130DBDAA}.Release|Mixed Platforms.Build.0 = Release|Any CPU
		{12438485-D12C-4C49-8F82-65BB130DBDAA}.Release|x64.ActiveCfg = Release|Any CPU
		{12438485-D12C-4C49-8F82-65BB130DBDAA}.Release|x64.Build.0 = Release|Any CPU
		{12438485-D12C-4C49-8F82-65BB130DBDAA}.Release|x86.ActiveCfg = Release|Any CPU
		{12438485-D12C-4C49-8F82-65BB130DBDAA}.Release|x86.Build.0 = Release|Any CPU
		{6E3FFE06-E96B-4F6F-A695-AAFCEEF231A9}.Debug|Any CPU.ActiveCfg = Debug|Any CPU
		{6E3FFE06-E96B-4F6F-A695-AAFCEEF231A9}.Debug|ARM.ActiveCfg = Debug|Any CPU
		{6E3FFE06-E96B-4F6F-A695-AAFCEEF231A9}.Debug|Mixed Platforms.ActiveCfg = Debug|Any CPU
		{6E3FFE06-E96B-4F6F-A695-AAFCEEF231A9}.Debug|x64.ActiveCfg = Debug|Any CPU
		{6E3FFE06-E96B-4F6F-A695-AAFCEEF231A9}.Debug|x86.ActiveCfg = Debug|Any CPU
		{6E3FFE06-E96B-4F6F-A695-AAFCEEF231A9}.Release|Any CPU.ActiveCfg = Release|Any CPU
		{6E3FFE06-E96B-4F6F-A695-AAFCEEF231A9}.Release|ARM.ActiveCfg = Release|Any CPU
		{6E3FFE06-E96B-4F6F-A695-AAFCEEF231A9}.Release|Mixed Platforms.ActiveCfg = Release|Any CPU
		{6E3FFE06-E96B-4F6F-A695-AAFCEEF231A9}.Release|x64.ActiveCfg = Release|Any CPU
		{6E3FFE06-E96B-4F6F-A695-AAFCEEF231A9}.Release|x86.ActiveCfg = Release|Any CPU
	EndGlobalSection
	GlobalSection(SolutionProperties) = preSolution
		HideSolutionNode = FALSE
	EndGlobalSection
	GlobalSection(NestedProjects) = preSolution
		{54AC2E62-FB55-49AB-9354-5B35D4D12160} = {52EF352E-2614-48ED-92C8-5860AEDC25DD}
		{96480977-F07F-4A52-9F64-C31538A3246D} = {52EF352E-2614-48ED-92C8-5860AEDC25DD}
		{30BE4010-7AA8-471E-B88D-84EABF86C71E} = {52EF352E-2614-48ED-92C8-5860AEDC25DD}
		{68C9AFB7-4D80-4B0E-8A2C-1151A3698B27} = {39456563-C898-4929-ABC8-65CA968F5DEE}
		{0B5CAD10-7334-468A-A6AE-D47CC1DD5B12} = {AA1AE595-3AFD-40B4-A0EF-AF5AAED55A35}
		{91AB987B-E47B-45ED-96EF-8223FCBC75F7} = {AA1AE595-3AFD-40B4-A0EF-AF5AAED55A35}
		{03B9F361-8E01-4347-8E5E-247C98FEB637} = {AA1AE595-3AFD-40B4-A0EF-AF5AAED55A35}
		{5AAD217F-B007-4224-8B35-374728AE2DCB} = {7DEB3D6E-0147-4A4E-9F64-BCFB040A1752}
		{0DF1EE79-740F-499D-AC3C-97A146A751E0} = {39456563-C898-4929-ABC8-65CA968F5DEE}
		{2C8C0D9C-BD95-4951-BBDB-9FA59FED864B} = {39456563-C898-4929-ABC8-65CA968F5DEE}
		{12438485-D12C-4C49-8F82-65BB130DBDAA} = {AA1AE595-3AFD-40B4-A0EF-AF5AAED55A35}
		{6E3FFE06-E96B-4F6F-A695-AAFCEEF231A9} = {AA1AE595-3AFD-40B4-A0EF-AF5AAED55A35}
	EndGlobalSection
	GlobalSection(ExtensibilityGlobals) = postSolution
		SolutionGuid = {6D08D1D4-0E7E-436D-BC36-86E4830B1592}
	EndGlobalSection
EndGlobal
